
Microsoft Visual Studio Solution File, Format Version 12.00
# Visual Studio 15
VisualStudioVersion = 15.0.28307.421
MinimumVisualStudioVersion = 10.0.40219.1
Project("{FAE04EC0-301F-11D3-BF4B-00C04F79EFBC}") = "CalculatorApp", "CalculatorApp\CalculatorApp.csproj", "{34871EA7-BA8F-4A6C-A94D-E136AFEF46FB}"
EndProject
Global
	GlobalSection(SolutionConfigurationPlatforms) = preSolution
		Debug|Any CPU = Debug|Any CPU
		Release|Any CPU = Release|Any CPU
	EndGlobalSection
	GlobalSection(ProjectConfigurationPlatforms) = postSolution
		{34871EA7-BA8F-4A6C-A94D-E136AFEF46FB}.Debug|Any CPU.ActiveCfg = Debug|Any CPU
		{34871EA7-BA8F-4A6C-A94D-E136AFEF46FB}.Debug|Any CPU.Build.0 = Debug|Any CPU
		{34871EA7-BA8F-4A6C-A94D-E136AFEF46FB}.Release|Any CPU.ActiveCfg = Release|Any CPU
		{34871EA7-BA8F-4A6C-A94D-E136AFEF46FB}.Release|Any CPU.Build.0 = Release|Any CPU
	EndGlobalSection
	GlobalSection(SolutionProperties) = preSolution
		HideSolutionNode = FALSE
	EndGlobalSection
	GlobalSection(ExtensibilityGlobals) = postSolution
		SolutionGuid = {AA6F3333-E769-4AE6-9468-455A521EA39E}
	EndGlobalSection
EndGlobal
